{
  "name": "iec60870-104server",
  "version": "0.4.5",
  "lockfileVersion": 3,
  "requires": true,
  "packages": {
    "": {
      "name": "iec60870-104server",
      "version": "0.4.5",
      "license": "MIT",
      "dependencies": {
        "ih-lib60870-node": "^1.0.64"
      }
    },
    "node_modules/ih-lib60870-node": {
      "version": "1.0.64",
      "resolved": "https://registry.npmjs.org/ih-lib60870-node/-/ih-lib60870-node-1.0.64.tgz",
      "integrity": "sha512-XjQG/aICLqopT/Dq7vlhoqzPg4qCTJO2DeOLUT75lzsIEuFxtAaL1K0NMfSikh0GRX9jz6g1Zvm4vXqHaKCOAg==",
      "cpu": [
        "x64",
        "ia32",
        "arm64",
        "arm"
      ],
      "hasInstallScript": true,
      "license": "MIT",
      "os": [
        "darwin",
        "linux",
        "win32"
      ]
    }
  }
}
